{
  "name": "@goldix.org/logger-proxy",
  "version": "0.0.1",
  "lockfileVersion": 1,
  "requires": true,
  "dependencies": {
    "@goldix.org/profiler": {
      "version": "0.0.1",
      "resolved": "https://registry.npmjs.org/@goldix.org/profiler/-/profiler-0.0.1.tgz",
      "integrity": "sha512-yzv/xEpmLO77pbmwBWgK+gxT52TgLvX2ZR2bs97Thu+j59Y2vnkfVhhntEtIjNcFo6D2vjhb/wENM5LTm1Xs2w=="
    }
  }
}
